
Microsoft Visual Studio Solution File, Format Version 12.00
# Visual Studio 15
VisualStudioVersion = 15.0.28307.1082
MinimumVisualStudioVersion = 10.0.40219.1
Project("{FAE04EC0-301F-11D3-BF4B-00C04F79EFBC}") = "MVC", "MVC\MVC.csproj", "{61C0E31E-34DE-41F5-B8B1-32900B14B723}"
EndProject
Global
	GlobalSection(SolutionConfigurationPlatforms) = preSolution
		Debug|Any CPU = Debug|Any CPU
		Release|Any CPU = Release|Any CPU
	EndGlobalSection
	GlobalSection(ProjectConfigurationPlatforms) = postSolution
		{61C0E31E-34DE-41F5-B8B1-32900B14B723}.Debug|Any CPU.ActiveCfg = Debug|Any CPU
		{61C0E31E-34DE-41F5-B8B1-32900B14B723}.Debug|Any CPU.Build.0 = Debug|Any CPU
		{61C0E31E-34DE-41F5-B8B1-32900B14B723}.Release|Any CPU.ActiveCfg = Release|Any CPU
		{61C0E31E-34DE-41F5-B8B1-32900B14B723}.Release|Any CPU.Build.0 = Release|Any CPU
	EndGlobalSection
	GlobalSection(SolutionProperties) = preSolution
		HideSolutionNode = FALSE
	EndGlobalSection
	GlobalSection(ExtensibilityGlobals) = postSolution
		SolutionGuid = {27691B7E-6264-4DD0-B0F2-5870701E2C2A}
	EndGlobalSection
EndGlobal
